
Microsoft Visual Studio Solution File, Format Version 12.00
# Visual Studio Version 17
VisualStudioVersion = 17.8.34408.163
MinimumVisualStudioVersion = 10.0.40219.1
Project("{9A19103F-16F7-4668-BE54-9A1E7A4F7556}") = "PL", "PL\PL.csproj", "{E410D9A1-FC62-408E-B5FA-A26558BB5F3C}"
EndProject
Project("{9A19103F-16F7-4668-BE54-9A1E7A4F7556}") = "DL", "DL\DL.csproj", "{2738B332-2FC2-4F6D-81AD-D3E46A127D49}"
EndProject
Project("{9A19103F-16F7-4668-BE54-9A1E7A4F7556}") = "ML", "ML\ML.csproj", "{BE25A10B-D9E2-4285-8503-83B51B6A3B66}"
EndProject
Project("{9A19103F-16F7-4668-BE54-9A1E7A4F7556}") = "BL", "BL\BL.csproj", "{FAC36A32-8460-4917-8D1E-58E9F0471711}"
EndProject
Project("{FAE04EC0-301F-11D3-BF4B-00C04F79EFBC}") = "TEST", "TEST\TEST.csproj", "{7AF864C2-08F6-4AEC-99E8-003342491790}"
EndProject
Global
	GlobalSection(SolutionConfigurationPlatforms) = preSolution
		Debug|Any CPU = Debug|Any CPU
		Release|Any CPU = Release|Any CPU
	EndGlobalSection
	GlobalSection(ProjectConfigurationPlatforms) = postSolution
		{E410D9A1-FC62-408E-B5FA-A26558BB5F3C}.Debug|Any CPU.ActiveCfg = Debug|Any CPU
		{E410D9A1-FC62-408E-B5FA-A26558BB5F3C}.Debug|Any CPU.Build.0 = Debug|Any CPU
		{E410D9A1-FC62-408E-B5FA-A26558BB5F3C}.Release|Any CPU.ActiveCfg = Release|Any CPU
		{E410D9A1-FC62-408E-B5FA-A26558BB5F3C}.Release|Any CPU.Build.0 = Release|Any CPU
		{2738B332-2FC2-4F6D-81AD-D3E46A127D49}.Debug|Any CPU.ActiveCfg = Debug|Any CPU
		{2738B332-2FC2-4F6D-81AD-D3E46A127D49}.Debug|Any CPU.Build.0 = Debug|Any CPU
		{2738B332-2FC2-4F6D-81AD-D3E46A127D49}.Release|Any CPU.ActiveCfg = Release|Any CPU
		{2738B332-2FC2-4F6D-81AD-D3E46A127D49}.Release|Any CPU.Build.0 = Release|Any CPU
		{BE25A10B-D9E2-4285-8503-83B51B6A3B66}.Debug|Any CPU.ActiveCfg = Debug|Any CPU
		{BE25A10B-D9E2-4285-8503-83B51B6A3B66}.Debug|Any CPU.Build.0 = Debug|Any CPU
		{BE25A10B-D9E2-4285-8503-83B51B6A3B66}.Release|Any CPU.ActiveCfg = Release|Any CPU
		{BE25A10B-D9E2-4285-8503-83B51B6A3B66}.Release|Any CPU.Build.0 = Release|Any CPU
		{FAC36A32-8460-4917-8D1E-58E9F0471711}.Debug|Any CPU.ActiveCfg = Debug|Any CPU
		{FAC36A32-8460-4917-8D1E-58E9F0471711}.Debug|Any CPU.Build.0 = Debug|Any CPU
		{FAC36A32-8460-4917-8D1E-58E9F0471711}.Release|Any CPU.ActiveCfg = Release|Any CPU
		{FAC36A32-8460-4917-8D1E-58E9F0471711}.Release|Any CPU.Build.0 = Release|Any CPU
		{7AF864C2-08F6-4AEC-99E8-003342491790}.Debug|Any CPU.ActiveCfg = Debug|Any CPU
		{7AF864C2-08F6-4AEC-99E8-003342491790}.Debug|Any CPU.Build.0 = Debug|Any CPU
		{7AF864C2-08F6-4AEC-99E8-003342491790}.Release|Any CPU.ActiveCfg = Release|Any CPU
		{7AF864C2-08F6-4AEC-99E8-003342491790}.Release|Any CPU.Build.0 = Release|Any CPU
	EndGlobalSection
	GlobalSection(SolutionProperties) = preSolution
		HideSolutionNode = FALSE
	EndGlobalSection
	GlobalSection(ExtensibilityGlobals) = postSolution
		SolutionGuid = {0A07472E-2A22-4D60-BD4A-3478DEBDA04E}
	EndGlobalSection
EndGlobal
